
Microsoft Visual Studio Solution File, Format Version 12.00
# Visual Studio Version 17
VisualStudioVersion = 17.1.32421.90
MinimumVisualStudioVersion = 10.0.40219.1
Project("{FAE04EC0-301F-11D3-BF4B-00C04F79EFBC}") = "WebArchive", "WebArchive.csproj", "{5EDB9BAC-1781-403A-A00E-8461562CEA62}"
EndProject
Global
	GlobalSection(SolutionConfigurationPlatforms) = preSolution
		Debug|Any CPU = Debug|Any CPU
		Release|Any CPU = Release|Any CPU
	EndGlobalSection
	GlobalSection(ProjectConfigurationPlatforms) = postSolution
		{5EDB9BAC-1781-403A-A00E-8461562CEA62}.Debug|Any CPU.ActiveCfg = Debug|Any CPU
		{5EDB9BAC-1781-403A-A00E-8461562CEA62}.Debug|Any CPU.Build.0 = Debug|Any CPU
		{5EDB9BAC-1781-403A-A00E-8461562CEA62}.Release|Any CPU.ActiveCfg = Release|Any CPU
		{5EDB9BAC-1781-403A-A00E-8461562CEA62}.Release|Any CPU.Build.0 = Release|Any CPU
	EndGlobalSection
	GlobalSection(SolutionProperties) = preSolution
		HideSolutionNode = FALSE
	EndGlobalSection
	GlobalSection(ExtensibilityGlobals) = postSolution
		SolutionGuid = {EB05F6BA-DF94-4057-99D5-6337DB93BBCD}
	EndGlobalSection
EndGlobal
